dependencies:
  espressif/esp_lvgl_port:
    component_hash: 
      41806031d90c91d50512d6f335f73978a1dd1aa1100ef5db40e189610be991ac
    dependencies:
    - name: idf
      require: private
      version: '>=4.4'
    - name: lvgl/lvgl
      registry_url: https://components.espressif.com
      require: public
      version: '>=8,<10'
    source:
      registry_url: https://components.espressif.com/
      type: service
    version: 2.4.3
  idf:
    source:
      type: idf
    version: 5.5.2
  lvgl/lvgl:
    component_hash: 
      17e68bfd21f0edf4c3ee838e2273da840bf3930e5dbc3bfa6c1190c3aed41f9f
    dependencies: []
    source:
      registry_url: https://components.espressif.com
      type: service
    version: 9.4.0
  protocol_examples_common:
    dependencies: []
    source:
      path: 
        /Users/jrosen/esp/v5.5.2/esp-idf/examples/common_components/protocol_examples_common
      type: local
    version: '*'
direct_dependencies:
- espressif/esp_lvgl_port
- idf
- protocol_examples_common
manifest_hash: 746bcf9357a731573392a2e82a75624f386ea360bfdf8e41f6677acb039c0ff4
target: esp32s3
version: 2.0.0
